{
    "version": 3,
    "terraform_version": "0.10.8",
    "serial": 9,
    "lineage": "460ae9c5-fe74-4d17-8b90-58182467254a",
    "modules": [
        {
            "path": [
                "root"
            ],
            "outputs": {
                "cornerstone_alb_dns": {
                    "sensitive": false,
                    "type": "string",
                    "value": "dev-cornerstone-alb-664558951.us-west-2.elb.amazonaws.com"
                }
            },
            "resources": {
                "aws_alb.cornerstone": {
                    "type": "aws_alb",
                    "depends_on": [
                        "aws_security_group.cornerstone_80",
                        "local.subnet_ids"
                    ],
                    "primary": {
                        "id": "arn:aws:elasticloadbalancing:us-west-2:384846394179:loadbalancer/app/dev-cornerstone-alb/76ff50ac025eb09f",
                        "attributes": {
                            "access_logs.#": "0",
                            "arn": "arn:aws:elasticloadbalancing:us-west-2:384846394179:loadbalancer/app/dev-cornerstone-alb/76ff50ac025eb09f",
                            "arn_suffix": "app/dev-cornerstone-alb/76ff50ac025eb09f",
                            "dns_name": "dev-cornerstone-alb-664558951.us-west-2.elb.amazonaws.com",
                            "enable_deletion_protection": "false",
                            "id": "arn:aws:elasticloadbalancing:us-west-2:384846394179:loadbalancer/app/dev-cornerstone-alb/76ff50ac025eb09f",
                            "idle_timeout": "60",
                            "internal": "false",
                            "ip_address_type": "ipv4",
                            "load_balancer_type": "application",
                            "name": "dev-cornerstone-alb",
                            "security_groups.#": "1",
                            "security_groups.3019252191": "sg-32211a4f",
                            "subnets.#": "3",
                            "subnets.2042099150": "subnet-ef8b15a7",
                            "subnets.4249349810": "subnet-ce3c0595",
                            "subnets.983716733": "subnet-1b80fe7d",
                            "tags.%": "0",
                            "vpc_id": "vpc-cadde9ac",
                            "zone_id": "Z1H1FL5HABSF5"
                        },
                        "meta": {
                            "e2bfb730-ecaa-11e6-8f88-34363bc7c4c0": {
                                "create": 600000000000,
                                "delete": 600000000000,
                                "update": 600000000000
                            }
                        },
                        "tainted": false
                    },
                    "deposed": [],
                    "provider": ""
                },
                "aws_alb_listener.cornerstone_0": {
                    "type": "aws_alb_listener",
                    "depends_on": [
                        "aws_alb.cornerstone",
                        "aws_alb_target_group.cornerstone"
                    ],
                    "primary": {
                        "id": "arn:aws:elasticloadbalancing:us-west-2:384846394179:listener/app/dev-cornerstone-alb/76ff50ac025eb09f/d3f7464b0b93e414",
                        "attributes": {
                            "arn": "arn:aws:elasticloadbalancing:us-west-2:384846394179:listener/app/dev-cornerstone-alb/76ff50ac025eb09f/d3f7464b0b93e414",
                            "default_action.#": "1",
                            "default_action.0.target_group_arn": "arn:aws:elasticloadbalancing:us-west-2:384846394179:targetgroup/dev-cornerstone-0-alb-tg/d28f4f692a69903d",
                            "default_action.0.type": "forward",
                            "id": "arn:aws:elasticloadbalancing:us-west-2:384846394179:listener/app/dev-cornerstone-alb/76ff50ac025eb09f/d3f7464b0b93e414",
                            "load_balancer_arn": "arn:aws:elasticloadbalancing:us-west-2:384846394179:loadbalancer/app/dev-cornerstone-alb/76ff50ac025eb09f",
                            "port": "80",
                            "protocol": "HTTP",
                            "ssl_policy": ""
                        },
                        "meta": {},
                        "tainted": false
                    },
                    "deposed": [],
                    "provider": ""
                },
                "aws_alb_target_group.cornerstone": {
                    "type": "aws_alb_target_group",
                    "depends_on": [
                        "local.vpc_id"
                    ],
                    "primary": {
                        "id": "arn:aws:elasticloadbalancing:us-west-2:384846394179:targetgroup/dev-cornerstone-0-alb-tg/d28f4f692a69903d",
                        "attributes": {
                            "arn": "arn:aws:elasticloadbalancing:us-west-2:384846394179:targetgroup/dev-cornerstone-0-alb-tg/d28f4f692a69903d",
                            "arn_suffix": "targetgroup/dev-cornerstone-0-alb-tg/d28f4f692a69903d",
                            "deregistration_delay": "300",
                            "health_check.#": "1",
                            "health_check.0.healthy_threshold": "5",
                            "health_check.0.interval": "30",
                            "health_check.0.matcher": "200",
                            "health_check.0.path": "/",
                            "health_check.0.port": "traffic-port",
                            "health_check.0.protocol": "HTTP",
                            "health_check.0.timeout": "5",
                            "health_check.0.unhealthy_threshold": "2",
                            "id": "arn:aws:elasticloadbalancing:us-west-2:384846394179:targetgroup/dev-cornerstone-0-alb-tg/d28f4f692a69903d",
                            "name": "dev-cornerstone-0-alb-tg",
                            "port": "8080",
                            "protocol": "HTTP",
                            "stickiness.#": "1",
                            "stickiness.0.cookie_duration": "86400",
                            "stickiness.0.enabled": "false",
                            "stickiness.0.type": "lb_cookie",
                            "tags.%": "0",
                            "target_type": "instance",
                            "vpc_id": "vpc-cadde9ac"
                        },
                        "meta": {},
                        "tainted": false
                    },
                    "deposed": [],
                    "provider": ""
                },
                "aws_autoscaling_group.dev_cornerstone_6b1db78": {
                    "type": "aws_autoscaling_group",
                    "depends_on": [
                        "aws_alb_target_group.cornerstone",
                        "aws_launch_configuration.dev_cornerstone_6b1db78",
                        "local.subnet_ids"
                    ],
                    "primary": {
                        "id": "dev-cornerstone-6b1db78",
                        "attributes": {
                            "arn": "arn:aws:autoscaling:us-west-2:384846394179:autoScalingGroup:8f5c98f3-351e-4136-9980-2bde5e3b2250:autoScalingGroupName/dev-cornerstone-6b1db78",
                            "availability_zones.#": "3",
                            "availability_zones.2050015877": "us-west-2c",
                            "availability_zones.221770259": "us-west-2b",
                            "availability_zones.2487133097": "us-west-2a",
                            "default_cooldown": "300",
                            "desired_capacity": "2",
                            "force_delete": "false",
                            "health_check_grace_period": "300",
                            "health_check_type": "EC2",
                            "id": "dev-cornerstone-6b1db78",
                            "launch_configuration": "dev20171113000934456200000001",
                            "load_balancers.#": "0",
                            "max_size": "2",
                            "metrics_granularity": "1Minute",
                            "min_size": "2",
                            "name": "dev-cornerstone-6b1db78",
                            "placement_group": "",
                            "protect_from_scale_in": "false",
                            "suspended_processes.#": "0",
                            "tag.#": "1",
                            "tag.1175503611.key": "Name",
                            "tag.1175503611.propagate_at_launch": "true",
                            "tag.1175503611.value": "dev-cornerstone-6b1db78",
                            "target_group_arns.#": "1",
                            "target_group_arns.3562061872": "arn:aws:elasticloadbalancing:us-west-2:384846394179:targetgroup/dev-cornerstone-0-alb-tg/d28f4f692a69903d",
                            "termination_policies.#": "0",
                            "vpc_zone_identifier.#": "3",
                            "vpc_zone_identifier.2042099150": "subnet-ef8b15a7",
                            "vpc_zone_identifier.4249349810": "subnet-ce3c0595",
                            "vpc_zone_identifier.983716733": "subnet-1b80fe7d",
                            "wait_for_capacity_timeout": "10m"
                        },
                        "meta": {
                            "e2bfb730-ecaa-11e6-8f88-34363bc7c4c0": {
                                "delete": 600000000000
                            }
                        },
                        "tainted": false
                    },
                    "deposed": [],
                    "provider": ""
                },
                "aws_iam_instance_profile.cornerstone": {
                    "type": "aws_iam_instance_profile",
                    "depends_on": [
                        "aws_iam_role.cornerstone"
                    ],
                    "primary": {
                        "id": "dev-cornerstone",
                        "attributes": {
                            "arn": "arn:aws:iam::384846394179:instance-profile/dev-cornerstone",
                            "id": "dev-cornerstone",
                            "name": "dev-cornerstone",
                            "path": "/",
                            "role": "dev_cornerstone_role",
                            "roles.#": "1",
                            "roles.1762337937": "dev_cornerstone_role",
                            "unique_id": "AIPAI66HLV6MBBN5DF4NG"
                        },
                        "meta": {},
                        "tainted": false
                    },
                    "deposed": [],
                    "provider": ""
                },
                "aws_iam_role.cornerstone": {
                    "type": "aws_iam_role",
                    "depends_on": [],
                    "primary": {
                        "id": "dev_cornerstone_role",
                        "attributes": {
                            "arn": "arn:aws:iam::384846394179:role/dev_cornerstone_role",
                            "assume_role_policy": "{\"Version\":\"2012-10-17\",\"Statement\":[{\"Sid\":\"\",\"Effect\":\"Allow\",\"Principal\":{\"Service\":\"ec2.amazonaws.com\"},\"Action\":\"sts:AssumeRole\"}]}",
                            "create_date": "2017-11-11T18:29:01Z",
                            "force_detach_policies": "false",
                            "id": "dev_cornerstone_role",
                            "name": "dev_cornerstone_role",
                            "path": "/",
                            "unique_id": "AROAJBNUPCGB2LFMLMFPY"
                        },
                        "meta": {},
                        "tainted": false
                    },
                    "deposed": [],
                    "provider": ""
                },
                "aws_iam_role_policy.cornerstone": {
                    "type": "aws_iam_role_policy",
                    "depends_on": [
                        "aws_iam_role.cornerstone"
                    ],
                    "primary": {
                        "id": "dev_cornerstone_role:dev-cornerstone",
                        "attributes": {
                            "id": "dev_cornerstone_role:dev-cornerstone",
                            "name": "dev-cornerstone",
                            "policy": "{\n    \"Statement\": [\n        {\n            \"Effect\": \"Allow\",\n            \"Action\": [\n                \"s3:GetObject\"\n            ],\n            \"Resource\": [\n                \"arn:aws:s3:::demo-cornerstone-releases/*\"\n            ]\n        }\n    ]\n}",
                            "role": "dev_cornerstone_role"
                        },
                        "meta": {},
                        "tainted": false
                    },
                    "deposed": [],
                    "provider": ""
                },
                "aws_launch_configuration.dev_cornerstone_6b1db78": {
                    "type": "aws_launch_configuration",
                    "depends_on": [
                        "aws_alb.cornerstone",
                        "aws_iam_instance_profile.cornerstone",
                        "aws_security_group.cornerstone"
                    ],
                    "primary": {
                        "id": "dev20171113000934456200000001",
                        "attributes": {
                            "associate_public_ip_address": "true",
                            "ebs_block_device.#": "0",
                            "ebs_optimized": "false",
                            "enable_monitoring": "true",
                            "ephemeral_block_device.#": "0",
                            "iam_instance_profile": "dev-cornerstone",
                            "id": "dev20171113000934456200000001",
                            "image_id": "ami-8803e0f0",
                            "instance_type": "t2.micro",
                            "key_name": "cornerstone-demo",
                            "name": "dev20171113000934456200000001",
                            "name_prefix": "dev",
                            "root_block_device.#": "0",
                            "security_groups.#": "1",
                            "security_groups.663393961": "sg-f222198f",
                            "spot_price": "",
                            "user_data": "6ae27b7470c6064ebdc740bcfb49201c37f71cd4",
                            "vpc_classic_link_id": "",
                            "vpc_classic_link_security_groups.#": "0"
                        },
                        "meta": {},
                        "tainted": false
                    },
                    "deposed": [],
                    "provider": ""
                },
                "aws_security_group.cornerstone": {
                    "type": "aws_security_group",
                    "depends_on": [
                        "local.vpc_id"
                    ],
                    "primary": {
                        "id": "sg-f222198f",
                        "attributes": {
                            "description": "Allow access to dev-cornerstone application",
                            "egress.#": "1",
                            "egress.1403647648.cidr_blocks.#": "1",
                            "egress.1403647648.cidr_blocks.0": "0.0.0.0/0",
                            "egress.1403647648.description": "",
                            "egress.1403647648.from_port": "0",
                            "egress.1403647648.ipv6_cidr_blocks.#": "0",
                            "egress.1403647648.prefix_list_ids.#": "0",
                            "egress.1403647648.protocol": "tcp",
                            "egress.1403647648.security_groups.#": "0",
                            "egress.1403647648.self": "false",
                            "egress.1403647648.to_port": "65535",
                            "id": "sg-f222198f",
                            "ingress.#": "2",
                            "ingress.2541437006.cidr_blocks.#": "1",
                            "ingress.2541437006.cidr_blocks.0": "0.0.0.0/0",
                            "ingress.2541437006.description": "",
                            "ingress.2541437006.from_port": "22",
                            "ingress.2541437006.ipv6_cidr_blocks.#": "0",
                            "ingress.2541437006.protocol": "tcp",
                            "ingress.2541437006.security_groups.#": "0",
                            "ingress.2541437006.self": "false",
                            "ingress.2541437006.to_port": "22",
                            "ingress.516175195.cidr_blocks.#": "1",
                            "ingress.516175195.cidr_blocks.0": "0.0.0.0/0",
                            "ingress.516175195.description": "",
                            "ingress.516175195.from_port": "8080",
                            "ingress.516175195.ipv6_cidr_blocks.#": "0",
                            "ingress.516175195.protocol": "tcp",
                            "ingress.516175195.security_groups.#": "0",
                            "ingress.516175195.self": "false",
                            "ingress.516175195.to_port": "8080",
                            "name": "dev-cornerstone",
                            "owner_id": "384846394179",
                            "revoke_rules_on_delete": "false",
                            "tags.%": "1",
                            "tags.name": "dev-cornerstone",
                            "vpc_id": "vpc-cadde9ac"
                        },
                        "meta": {
                            "schema_version": "1"
                        },
                        "tainted": false
                    },
                    "deposed": [],
                    "provider": ""
                },
                "aws_security_group.cornerstone_80": {
                    "type": "aws_security_group",
                    "depends_on": [
                        "local.vpc_id"
                    ],
                    "primary": {
                        "id": "sg-32211a4f",
                        "attributes": {
                            "description": "controls access to the application load balancer",
                            "egress.#": "1",
                            "egress.482069346.cidr_blocks.#": "1",
                            "egress.482069346.cidr_blocks.0": "0.0.0.0/0",
                            "egress.482069346.description": "",
                            "egress.482069346.from_port": "0",
                            "egress.482069346.ipv6_cidr_blocks.#": "0",
                            "egress.482069346.prefix_list_ids.#": "0",
                            "egress.482069346.protocol": "-1",
                            "egress.482069346.security_groups.#": "0",
                            "egress.482069346.self": "false",
                            "egress.482069346.to_port": "0",
                            "id": "sg-32211a4f",
                            "ingress.#": "1",
                            "ingress.2214680975.cidr_blocks.#": "1",
                            "ingress.2214680975.cidr_blocks.0": "0.0.0.0/0",
                            "ingress.2214680975.description": "",
                            "ingress.2214680975.from_port": "80",
                            "ingress.2214680975.ipv6_cidr_blocks.#": "0",
                            "ingress.2214680975.protocol": "tcp",
                            "ingress.2214680975.security_groups.#": "0",
                            "ingress.2214680975.self": "false",
                            "ingress.2214680975.to_port": "80",
                            "name": "dev-cornerstone-80-alb-sg",
                            "owner_id": "384846394179",
                            "revoke_rules_on_delete": "false",
                            "tags.%": "0",
                            "vpc_id": "vpc-cadde9ac"
                        },
                        "meta": {
                            "schema_version": "1"
                        },
                        "tainted": false
                    },
                    "deposed": [],
                    "provider": ""
                }
            },
            "depends_on": []
        }
    ]
}
